// !$*UTF8*$!
{
	archiveVersion = 1;
	classes = {
	};
	objectVersion = 46;
	objects = {

/* Begin PBXBuildFile section */
		A73E5D4F197FD2E900845A70 /* Foundation.framework in Frameworks */ = {isa = PBXBuildFile; fileRef = A73E5D4E197FD2E900845A70 /* Foundation.framework */; };
		A73E5D51197FD2E900845A70 /* CoreGraphics.framework in Frameworks */ = {isa = PBXBuildFile; fileRef = A73E5D50197FD2E900845A70 /* CoreGraphics.framework */; };
		A73E5D53197FD2E900845A70 /* UIKit.framework in Frameworks */ = {isa = PBXBuildFile; fileRef = A73E5D52197FD2E900845A70 /* UIKit.framework */; };
		A73E5D59197FD2E900845A70 /* InfoPlist.strings in Resources */ = {isa = PBXBuildFile; fileRef = A73E5D57197FD2E900845A70 /* InfoPlist.strings */; };
		A73E5D5B197FD2E900845A70 /* main.m in Sources */ = {isa = PBXBuildFile; fileRef = A73E5D5A197FD2E900845A70 /* main.m */; };
		A73E5D5F197FD2E900845A70 /* TAAppDelegate.m in Sources */ = {isa = PBXBuildFile; fileRef = A73E5D5E197FD2E900845A70 /* TAAppDelegate.m */; };
		A73E5D62197FD2E900845A70 /* Main.storyboard in Resources */ = {isa = PBXBuildFile; fileRef = A73E5D60197FD2E900845A70 /* Main.storyboard */; };
		A73E5D65197FD2E900845A70 /* TAViewController.m in Sources */ = {isa = PBXBuildFile; fileRef = A73E5D64197FD2E900845A70 /* TAViewController.m */; };
		A73E5D67197FD2E900845A70 /* Images.xcassets in Resources */ = {isa = PBXBuildFile; fileRef = A73E5D66197FD2E900845A70 /* Images.xcassets */; };
		A73E5D6E197FD2EA00845A70 /* XCTest.framework in Frameworks */ = {isa = PBXBuildFile; fileRef = A73E5D6D197FD2EA00845A70 /* XCTest.framework */; };
		A73E5D6F197FD2EA00845A70 /* Foundation.framework in Frameworks */ = {isa = PBXBuildFile; fileRef = A73E5D4E197FD2E900845A70 /* Foundation.framework */; };
		A73E5D70197FD2EA00845A70 /* UIKit.framework in Frameworks */ = {isa = PBXBuildFile; fileRef = A73E5D52197FD2E900845A70 /* UIKit.framework */; };
		A73E5D78197FD2EA00845A70 /* InfoPlist.strings in Resources */ = {isa = PBXBuildFile; fileRef = A73E5D76197FD2EA00845A70 /* InfoPlist.strings */; };
		A73E5D7A197FD2EA00845A70 /* Behaving_Test_AppTests.m in Sources */ = {isa = PBXBuildFile; fileRef = A73E5D79197FD2EA00845A70 /* Behaving_Test_AppTests.m */; };
/* End PBXBuildFile section */

/* Begin PBXContainerItemProxy section */
		A73E5D71197FD2EA00845A70 /* PBXContainerItemProxy */ = {
			isa = PBXContainerItemProxy;
			containerPortal = A73E5D43197FD2E900845A70 /* Project object */;
			proxyType = 1;
			remoteGlobalIDString = A73E5D4A197FD2E900845A70;
			remoteInfo = "Behaving Test App";
		};
/* End PBXContainerItemProxy section */

/* Begin PBXFileReference section */
		A73E5D4B197FD2E900845A70 /* Behaving Test App.app */ = {isa = PBXFileReference; explicitFileType = wrapper.application; includeInIndex = 0; path = "Behaving Test App.app"; sourceTree = BUILT_PRODUCTS_DIR; };
		A73E5D4E197FD2E900845A70 /* Foundation.framework */ = {isa = PBXFileReference; lastKnownFileType = wrapper.framework; name = Foundation.framework; path = System/Library/Frameworks/Foundation.framework; sourceTree = SDKROOT; };
		A73E5D50197FD2E900845A70 /* CoreGraphics.framework */ = {isa = PBXFileReference; lastKnownFileType = wrapper.framework; name = CoreGraphics.framework; path = System/Library/Frameworks/CoreGraphics.framework; sourceTree = SDKROOT; };
		A73E5D52197FD2E900845A70 /* UIKit.framework */ = {isa = PBXFileReference; lastKnownFileType = wrapper.framework; name = UIKit.framework; path = System/Library/Frameworks/UIKit.framework; sourceTree = SDKROOT; };
		A73E5D56197FD2E900845A70 /* Behaving Test App-Info.plist */ = {isa = PBXFileReference; lastKnownFileType = text.plist.xml; path = "Behaving Test App-Info.plist"; sourceTree = "<group>"; };
		A73E5D58197FD2E900845A70 /* en */ = {isa = PBXFileReference; lastKnownFileType = text.plist.strings; name = en; path = en.lproj/InfoPlist.strings; sourceTree = "<group>"; };
		A73E5D5A197FD2E900845A70 /* main.m */ = {isa = PBXFileReference; lastKnownFileType = sourcecode.c.objc; path = main.m; sourceTree = "<group>"; };
		A73E5D5C197FD2E900845A70 /* Behaving Test App-Prefix.pch */ = {isa = PBXFileReference; lastKnownFileType = sourcecode.c.h; path = "Behaving Test App-Prefix.pch"; sourceTree = "<group>"; };
		A73E5D5D197FD2E900845A70 /* TAAppDelegate.h */ = {isa = PBXFileReference; lastKnownFileType = sourcecode.c.h; path = TAAppDelegate.h; sourceTree = "<group>"; };
		A73E5D5E197FD2E900845A70 /* TAAppDelegate.m */ = {isa = PBXFileReference; lastKnownFileType = sourcecode.c.objc; path = TAAppDelegate.m; sourceTree = "<group>"; };
		A73E5D61197FD2E900845A70 /* Base */ = {isa = PBXFileReference; lastKnownFileType = file.storyboard; name = Base; path = Base.lproj/Main.storyboard; sourceTree = "<group>"; };
		A73E5D63197FD2E900845A70 /* TAViewController.h */ = {isa = PBXFileReference; lastKnownFileType = sourcecode.c.h; path = TAViewController.h; sourceTree = "<group>"; };
		A73E5D64197FD2E900845A70 /* TAViewController.m */ = {isa = PBXFileReference; lastKnownFileType = sourcecode.c.objc; path = TAViewController.m; sourceTree = "<group>"; };
		A73E5D66197FD2E900845A70 /* Images.xcassets */ = {isa = PBXFileReference; lastKnownFileType = folder.assetcatalog; path = Images.xcassets; sourceTree = "<group>"; };
		A73E5D6C197FD2EA00845A70 /* Behaving Test AppTests.xctest */ = {isa = PBXFileReference; explicitFileType = wrapper.cfbundle; includeInIndex = 0; path = "Behaving Test AppTests.xctest"; sourceTree = BUILT_PRODUCTS_DIR; };
		A73E5D6D197FD2EA00845A70 /* XCTest.framework */ = {isa = PBXFileReference; lastKnownFileType = wrapper.framework; name = XCTest.framework; path = Library/Frameworks/XCTest.framework; sourceTree = DEVELOPER_DIR; };
		A73E5D75197FD2EA00845A70 /* Behaving Test AppTests-Info.plist */ = {isa = PBXFileReference; lastKnownFileType = text.plist.xml; path = "Behaving Test AppTests-Info.plist"; sourceTree = "<group>"; };
		A73E5D77197FD2EA00845A70 /* en */ = {isa = PBXFileReference; lastKnownFileType = text.plist.strings; name = en; path = en.lproj/InfoPlist.strings; sourceTree = "<group>"; };
		A73E5D79197FD2EA00845A70 /* Behaving_Test_AppTests.m */ = {isa = PBXFileReference; lastKnownFileType = sourcecode.c.objc; path = Behaving_Test_AppTests.m; sourceTree = "<group>"; };
/* End PBXFileReference section */

/* Begin PBXFrameworksBuildPhase section */
		A73E5D48197FD2E900845A70 /* Frameworks */ = {
			isa = PBXFrameworksBuildPhase;
			buildActionMask = 2147483647;
			files = (
				A73E5D51197FD2E900845A70 /* CoreGraphics.framework in Frameworks */,
				A73E5D53197FD2E900845A70 /* UIKit.framework in Frameworks */,
				A73E5D4F197FD2E900845A70 /* Foundation.framework in Frameworks */,
			);
			runOnlyForDeploymentPostprocessing = 0;
		};
		A73E5D69197FD2EA00845A70 /* Frameworks */ = {
			isa = PBXFrameworksBuildPhase;
			buildActionMask = 2147483647;
			files = (
				A73E5D6E197FD2EA00845A70 /* XCTest.framework in Frameworks */,
				A73E5D70197FD2EA00845A70 /* UIKit.framework in Frameworks */,
				A73E5D6F197FD2EA00845A70 /* Foundation.framework in Frameworks */,
			);
			runOnlyForDeploymentPostprocessing = 0;
		};
/* End PBXFrameworksBuildPhase section */

/* Begin PBXGroup section */
		A73E5D42197FD2E900845A70 = {
			isa = PBXGroup;
			children = (
				A73E5D54197FD2E900845A70 /* Behaving Test App */,
				A73E5D73197FD2EA00845A70 /* Behaving Test AppTests */,
				A73E5D4D197FD2E900845A70 /* Frameworks */,
				A73E5D4C197FD2E900845A70 /* Products */,
			);
			sourceTree = "<group>";
		};
		A73E5D4C197FD2E900845A70 /* Products */ = {
			isa = PBXGroup;
			children = (
				A73E5D4B197FD2E900845A70 /* Behaving Test App.app */,
				A73E5D6C197FD2EA00845A70 /* Behaving Test AppTests.xctest */,
			);
			name = Products;
			sourceTree = "<group>";
		};
		A73E5D4D197FD2E900845A70 /* Frameworks */ = {
			isa = PBXGroup;
			children = (
				A73E5D4E197FD2E900845A70 /* Foundation.framework */,
				A73E5D50197FD2E900845A70 /* CoreGraphics.framework */,
				A73E5D52197FD2E900845A70 /* UIKit.framework */,
				A73E5D6D197FD2EA00845A70 /* XCTest.framework */,
			);
			name = Frameworks;
			sourceTree = "<group>";
		};
		A73E5D54197FD2E900845A70 /* Behaving Test App */ = {
			isa = PBXGroup;
			children = (
				A73E5D5D197FD2E900845A70 /* TAAppDelegate.h */,
				A73E5D5E197FD2E900845A70 /* TAAppDelegate.m */,
				A73E5D60197FD2E900845A70 /* Main.storyboard */,
				A73E5D63197FD2E900845A70 /* TAViewController.h */,
				A73E5D64197FD2E900845A70 /* TAViewController.m */,
				A73E5D66197FD2E900845A70 /* Images.xcassets */,
				A73E5D55197FD2E900845A70 /* Supporting Files */,
			);
			path = "Behaving Test App";
			sourceTree = "<group>";
		};
		A73E5D55197FD2E900845A70 /* Supporting Files */ = {
			isa = PBXGroup;
			children = (
				A73E5D56197FD2E900845A70 /* Behaving Test App-Info.plist */,
				A73E5D57197FD2E900845A70 /* InfoPlist.strings */,
				A73E5D5A197FD2E900845A70 /* main.m */,
				A73E5D5C197FD2E900845A70 /* Behaving Test App-Prefix.pch */,
			);
			name = "Supporting Files";
			sourceTree = "<group>";
		};
		A73E5D73197FD2EA00845A70 /* Behaving Test AppTests */ = {
			isa = PBXGroup;
			children = (
				A73E5D79197FD2EA00845A70 /* Behaving_Test_AppTests.m */,
				A73E5D74197FD2EA00845A70 /* Supporting Files */,
			);
			path = "Behaving Test AppTests";
			sourceTree = "<group>";
		};
		A73E5D74197FD2EA00845A70 /* Supporting Files */ = {
			isa = PBXGroup;
			children = (
				A73E5D75197FD2EA00845A70 /* Behaving Test AppTests-Info.plist */,
				A73E5D76197FD2EA00845A70 /* InfoPlist.strings */,
			);
			name = "Supporting Files";
			sourceTree = "<group>";
		};
/* End PBXGroup section */

/* Begin PBXNativeTarget section */
		A73E5D4A197FD2E900845A70 /* Behaving Test App */ = {
			isa = PBXNativeTarget;
			buildConfigurationList = A73E5D7D197FD2EA00845A70 /* Build configuration list for PBXNativeTarget "Behaving Test App" */;
			buildPhases = (
				A73E5D47197FD2E900845A70 /* Sources */,
				A73E5D48197FD2E900845A70 /* Frameworks */,
				A73E5D49197FD2E900845A70 /* Resources */,
			);
			buildRules = (
			);
			dependencies = (
			);
			name = "Behaving Test App";
			productName = "Behaving Test App";
			productReference = A73E5D4B197FD2E900845A70 /* Behaving Test App.app */;
			productType = "com.apple.product-type.application";
		};
		A73E5D6B197FD2EA00845A70 /* Behaving Test AppTests */ = {
			isa = PBXNativeTarget;
			buildConfigurationList = A73E5D80197FD2EA00845A70 /* Build configuration list for PBXNativeTarget "Behaving Test AppTests" */;
			buildPhases = (
				A73E5D68197FD2EA00845A70 /* Sources */,
				A73E5D69197FD2EA00845A70 /* Frameworks */,
				A73E5D6A197FD2EA00845A70 /* Resources */,
			);
			buildRules = (
			);
			dependencies = (
				A73E5D72197FD2EA00845A70 /* PBXTargetDependency */,
			);
			name = "Behaving Test AppTests";
			productName = "Behaving Test AppTests";
			productReference = A73E5D6C197FD2EA00845A70 /* Behaving Test AppTests.xctest */;
			productType = "com.apple.product-type.bundle.unit-test";
		};
/* End PBXNativeTarget section */

/* Begin PBXProject section */
		A73E5D43197FD2E900845A70 /* Project object */ = {
			isa = PBXProject;
			attributes = {
				CLASSPREFIX = TA;
				LastUpgradeCheck = 0510;
				ORGANIZATIONNAME = Behaving;
				TargetAttributes = {
					A73E5D6B197FD2EA00845A70 = {
						TestTargetID = A73E5D4A197FD2E900845A70;
					};
				};
			};
			buildConfigurationList = A73E5D46197FD2E900845A70 /* Build configuration list for PBXProject "Behaving Test App" */;
			compatibilityVersion = "Xcode 3.2";
			developmentRegion = English;
			hasScannedForEncodings = 0;
			knownRegions = (
				en,
				Base,
			);
			mainGroup = A73E5D42197FD2E900845A70;
			productRefGroup = A73E5D4C197FD2E900845A70 /* Products */;
			projectDirPath = "";
			projectRoot = "";
			targets = (
				A73E5D4A197FD2E900845A70 /* Behaving Test App */,
				A73E5D6B197FD2EA00845A70 /* Behaving Test AppTests */,
			);
		};
/* End PBXProject section */

/* Begin PBXResourcesBuildPhase section */
		A73E5D49197FD2E900845A70 /* Resources */ = {
			isa = PBXResourcesBuildPhase;
			buildActionMask = 2147483647;
			files = (
				A73E5D67197FD2E900845A70 /* Images.xcassets in Resources */,
				A73E5D59197FD2E900845A70 /* InfoPlist.strings in Resources */,
				A73E5D62197FD2E900845A70 /* Main.storyboard in Resources */,
			);
			runOnlyForDeploymentPostprocessing = 0;
		};
		A73E5D6A197FD2EA00845A70 /* Resources */ = {
			isa = PBXResourcesBuildPhase;
			buildActionMask = 2147483647;
			files = (
				A73E5D78197FD2EA00845A70 /* InfoPlist.strings in Resources */,
			);
			runOnlyForDeploymentPostprocessing = 0;
		};
/* End PBXResourcesBuildPhase section */

/* Begin PBXSourcesBuildPhase section */
		A73E5D47197FD2E900845A70 /* Sources */ = {
			isa = PBXSourcesBuildPhase;
			buildActionMask = 2147483647;
			files = (
				A73E5D65197FD2E900845A70 /* TAViewController.m in Sources */,
				A73E5D5B197FD2E900845A70 /* main.m in Sources */,
				A73E5D5F197FD2E900845A70 /* TAAppDelegate.m in Sources */,
			);
			runOnlyForDeploymentPostprocessing = 0;
		};
		A73E5D68197FD2EA00845A70 /* Sources */ = {
			isa = PBXSourcesBuildPhase;
			buildActionMask = 2147483647;
			files = (
				A73E5D7A197FD2EA00845A70 /* Behaving_Test_AppTests.m in Sources */,
			);
			runOnlyForDeploymentPostprocessing = 0;
		};
/* End PBXSourcesBuildPhase section */

/* Begin PBXTargetDependency section */
		A73E5D72197FD2EA00845A70 /* PBXTargetDependency */ = {
			isa = PBXTargetDependency;
			target = A73E5D4A197FD2E900845A70 /* Behaving Test App */;
			targetProxy = A73E5D71197FD2EA00845A70 /* PBXContainerItemProxy */;
		};
/* End PBXTargetDependency section */

/* Begin PBXVariantGroup section */
		A73E5D57197FD2E900845A70 /* InfoPlist.strings */ = {
			isa = PBXVariantGroup;
			children = (
				A73E5D58197FD2E900845A70 /* en */,
			);
			name = InfoPlist.strings;
			sourceTree = "<group>";
		};
		A73E5D60197FD2E900845A70 /* Main.storyboard */ = {
			isa = PBXVariantGroup;
			children = (
				A73E5D61197FD2E900845A70 /* Base */,
			);
			name = Main.storyboard;
			sourceTree = "<group>";
		};
		A73E5D76197FD2EA00845A70 /* InfoPlist.strings */ = {
			isa = PBXVariantGroup;
			children = (
				A73E5D77197FD2EA00845A70 /* en */,
			);
			name = InfoPlist.strings;
			sourceTree = "<group>";
		};
/* End PBXVariantGroup section */

/* Begin XCBuildConfiguration section */
		A73E5D7B197FD2EA00845A70 /* Debug */ = {
			isa = XCBuildConfiguration;
			buildSettings = {
				ALWAYS_SEARCH_USER_PATHS = NO;
				CLANG_CXX_LANGUAGE_STANDARD = "gnu++0x";
				CLANG_CXX_LIBRARY = "libc++";
				CLANG_ENABLE_MODULES = YES;
				CLANG_ENABLE_OBJC_ARC = YES;
				CLANG_WARN_BOOL_CONVERSION = YES;
				CLANG_WARN_CONSTANT_CONVERSION = YES;
				CLANG_WARN_DIRECT_OBJC_ISA_USAGE = YES_ERROR;
				CLANG_WARN_EMPTY_BODY = YES;
				CLANG_WARN_ENUM_CONVERSION = YES;
				CLANG_WARN_INT_CONVERSION = YES;
				CLANG_WARN_OBJC_ROOT_CLASS = YES_ERROR;
				CLANG_WARN__DUPLICATE_METHOD_MATCH = YES;
				"CODE_SIGN_IDENTITY[sdk=iphoneos*]" = "iPhone Developer";
				COPY_PHASE_STRIP = NO;
				GCC_C_LANGUAGE_STANDARD = gnu99;
				GCC_DYNAMIC_NO_PIC = NO;
				GCC_OPTIMIZATION_LEVEL = 0;
				GCC_PREPROCESSOR_DEFINITIONS = (
					"DEBUG=1",
					"$(inherited)",
				);
				GCC_SYMBOLS_PRIVATE_EXTERN = NO;
				GCC_WARN_64_TO_32_BIT_CONVERSION = YES;
				GCC_WARN_ABOUT_RETURN_TYPE = YES_ERROR;
				GCC_WARN_UNDECLARED_SELECTOR = YES;
				GCC_WARN_UNINITIALIZED_AUTOS = YES_AGGRESSIVE;
				GCC_WARN_UNUSED_FUNCTION = YES;
				GCC_WARN_UNUSED_VARIABLE = YES;
				IPHONEOS_DEPLOYMENT_TARGET = 7.1;
				ONLY_ACTIVE_ARCH = YES;
				SDKROOT = iphoneos;
			};
			name = Debug;
		};
		A73E5D7C197FD2EA00845A70 /* Release */ = {
			isa = XCBuildConfiguration;
			buildSettings = {
				ALWAYS_SEARCH_USER_PATHS = NO;
				CLANG_CXX_LANGUAGE_STANDARD = "gnu++0x";
				CLANG_CXX_LIBRARY = "libc++";
				CLANG_ENABLE_MODULES = YES;
				CLANG_ENABLE_OBJC_ARC = YES;
				CLANG_WARN_BOOL_CONVERSION = YES;
				CLANG_WARN_CONSTANT_CONVERSION = YES;
				CLANG_WARN_DIRECT_OBJC_ISA_USAGE = YES_ERROR;
				CLANG_WARN_EMPTY_BODY = YES;
				CLANG_WARN_ENUM_CONVERSION = YES;
				CLANG_WARN_INT_CONVERSION = YES;
				CLANG_WARN_OBJC_ROOT_CLASS = YES_ERROR;
				CLANG_WARN__DUPLICATE_METHOD_MATCH = YES;
				"CODE_SIGN_IDENTITY[sdk=iphoneos*]" = "iPhone Developer";
				COPY_PHASE_STRIP = YES;
				ENABLE_NS_ASSERTIONS = NO;
				GCC_C_LANGUAGE_STANDARD = gnu99;
				GCC_WARN_64_TO_32_BIT_CONVERSION = YES;
				GCC_WARN_ABOUT_RETURN_TYPE = YES_ERROR;
				GCC_WARN_UNDECLARED_SELECTOR = YES;
				GCC_WARN_UNINITIALIZED_AUTOS = YES_AGGRESSIVE;
				GCC_WARN_UNUSED_FUNCTION = YES;
				GCC_WARN_UNUSED_VARIABLE = YES;
				IPHONEOS_DEPLOYMENT_TARGET = 7.1;
				SDKROOT = iphoneos;
				VALIDATE_PRODUCT = YES;
			};
			name = Release;
		};
		A73E5D7E197FD2EA00845A70 /* Debug */ = {
			isa = XCBuildConfiguration;
			buildSettings = {
				ASSETCATALOG_COMPILER_APPICON_NAME = AppIcon;
				ASSETCATALOG_COMPILER_LAUNCHIMAGE_NAME = LaunchImage;
				GCC_PRECOMPILE_PREFIX_HEADER = YES;
				GCC_PREFIX_HEADER = "Behaving Test App/Behaving Test App-Prefix.pch";
				INFOPLIST_FILE = "Behaving Test App/Behaving Test App-Info.plist";
				PRODUCT_NAME = "$(TARGET_NAME)";
				WRAPPER_EXTENSION = app;
			};
			name = Debug;
		};
		A73E5D7F197FD2EA00845A70 /* Release */ = {
			isa = XCBuildConfiguration;
			buildSettings = {
				ASSETCATALOG_COMPILER_APPICON_NAME = AppIcon;
				ASSETCATALOG_COMPILER_LAUNCHIMAGE_NAME = LaunchImage;
				GCC_PRECOMPILE_PREFIX_HEADER = YES;
				GCC_PREFIX_HEADER = "Behaving Test App/Behaving Test App-Prefix.pch";
				INFOPLIST_FILE = "Behaving Test App/Behaving Test App-Info.plist";
				PRODUCT_NAME = "$(TARGET_NAME)";
				WRAPPER_EXTENSION = app;
			};
			name = Release;
		};
		A73E5D81197FD2EA00845A70 /* Debug */ = {
			isa = XCBuildConfiguration;
			buildSettings = {
				BUNDLE_LOADER = "$(BUILT_PRODUCTS_DIR)/Behaving Test App.app/Behaving Test App";
				FRAMEWORK_SEARCH_PATHS = (
					"$(SDKROOT)/Developer/Library/Frameworks",
					"$(inherited)",
					"$(DEVELOPER_FRAMEWORKS_DIR)",
				);
				GCC_PRECOMPILE_PREFIX_HEADER = YES;
				GCC_PREFIX_HEADER = "Behaving Test App/Behaving Test App-Prefix.pch";
				GCC_PREPROCESSOR_DEFINITIONS = (
					"DEBUG=1",
					"$(inherited)",
				);
				INFOPLIST_FILE = "Behaving Test AppTests/Behaving Test AppTests-Info.plist";
				PRODUCT_NAME = "$(TARGET_NAME)";
				TEST_HOST = "$(BUNDLE_LOADER)";
				WRAPPER_EXTENSION = xctest;
			};
			name = Debug;
		};
		A73E5D82197FD2EA00845A70 /* Release */ = {
			isa = XCBuildConfiguration;
			buildSettings = {
				BUNDLE_LOADER = "$(BUILT_PRODUCTS_DIR)/Behaving Test App.app/Behaving Test App";
				FRAMEWORK_SEARCH_PATHS = (
					"$(SDKROOT)/Developer/Library/Frameworks",
					"$(inherited)",
					"$(DEVELOPER_FRAMEWORKS_DIR)",
				);
				GCC_PRECOMPILE_PREFIX_HEADER = YES;
				GCC_PREFIX_HEADER = "Behaving Test App/Behaving Test App-Prefix.pch";
				INFOPLIST_FILE = "Behaving Test AppTests/Behaving Test AppTests-Info.plist";
				PRODUCT_NAME = "$(TARGET_NAME)";
				TEST_HOST = "$(BUNDLE_LOADER)";
				WRAPPER_EXTENSION = xctest;
			};
			name = Release;
		};
/* End XCBuildConfiguration section */

/* Begin XCConfigurationList section */
		A73E5D46197FD2E900845A70 /* Build configuration list for PBXProject "Behaving Test App" */ = {
			isa = XCConfigurationList;
			buildConfigurations = (
				A73E5D7B197FD2EA00845A70 /* Debug */,
				A73E5D7C197FD2EA00845A70 /* Release */,
			);
			defaultConfigurationIsVisible = 0;
			defaultConfigurationName = Release;
		};
		A73E5D7D197FD2EA00845A70 /* Build configuration list for PBXNativeTarget "Behaving Test App" */ = {
			isa = XCConfigurationList;
			buildConfigurations = (
				A73E5D7E197FD2EA00845A70 /* Debug */,
				A73E5D7F197FD2EA00845A70 /* Release */,
			);
			defaultConfigurationIsVisible = 0;
		};
		A73E5D80197FD2EA00845A70 /* Build configuration list for PBXNativeTarget "Behaving Test AppTests" */ = {
			isa = XCConfigurationList;
			buildConfigurations = (
				A73E5D81197FD2EA00845A70 /* Debug */,
				A73E5D82197FD2EA00845A70 /* Release */,
			);
			defaultConfigurationIsVisible = 0;
		};
/* End XCConfigurationList section */
	};
	rootObject = A73E5D43197FD2E900845A70 /* Project object */;
}
